
Microsoft Visual Studio Solution File, Format Version 12.00
# Visual Studio Version 17
VisualStudioVersion = 17.0.31903.59
MinimumVisualStudioVersion = 10.0.40219.1
Project("{FAE04EC0-301F-11D3-BF4B-00C04F79EFBC}") = "PrimeService", "PrimeService\PrimeService.csproj", "{C293DDD4-5D29-48E2-AA1B-0F55AA045E01}"
EndProject
Project("{FAE04EC0-301F-11D3-BF4B-00C04F79EFBC}") = "PrimeService.Tests", "PrimeService.Tests\PrimeService.Tests.csproj", "{962D80E8-0130-4881-A347-04DF0A910CC1}"
EndProject
Global
	GlobalSection(SolutionConfigurationPlatforms) = preSolution
		Debug|Any CPU = Debug|Any CPU
		Release|Any CPU = Release|Any CPU
	EndGlobalSection
	GlobalSection(SolutionProperties) = preSolution
		HideSolutionNode = FALSE
	EndGlobalSection
	GlobalSection(ProjectConfigurationPlatforms) = postSolution
		{C293DDD4-5D29-48E2-AA1B-0F55AA045E01}.Debug|Any CPU.ActiveCfg = Debug|Any CPU
		{C293DDD4-5D29-48E2-AA1B-0F55AA045E01}.Debug|Any CPU.Build.0 = Debug|Any CPU
		{C293DDD4-5D29-48E2-AA1B-0F55AA045E01}.Release|Any CPU.ActiveCfg = Release|Any CPU
		{C293DDD4-5D29-48E2-AA1B-0F55AA045E01}.Release|Any CPU.Build.0 = Release|Any CPU
		{962D80E8-0130-4881-A347-04DF0A910CC1}.Debug|Any CPU.ActiveCfg = Debug|Any CPU
		{962D80E8-0130-4881-A347-04DF0A910CC1}.Debug|Any CPU.Build.0 = Debug|Any CPU
		{962D80E8-0130-4881-A347-04DF0A910CC1}.Release|Any CPU.ActiveCfg = Release|Any CPU
		{962D80E8-0130-4881-A347-04DF0A910CC1}.Release|Any CPU.Build.0 = Release|Any CPU
	EndGlobalSection
EndGlobal
